<?xml version="1.0" encoding="utf-8"?>
<Project ToolsVersion="4.0" xmlns="http://schemas.microsoft.com/developer/msbuild/2003">
  <ItemGroup>
    <Filter Include="소스 파일">
      <UniqueIdentifier>{4FC737F1-C7A5-4376-A066-2A32D752A2FF}</UniqueIdentifier>
      <Extensions>cpp;c;cc;cxx;def;odl;idl;hpj;bat;asm;asmx</Extensions>
    </Filter>
    <Filter Include="헤더 파일">
      <UniqueIdentifier>{93995380-89BD-4b04-88EB-625FBE52EBFB}</UniqueIdentifier>
      <Extensions>h;hpp;hxx;hm;inl;inc;xsd</Extensions>
    </Filter>
    <Filter Include="리소스 파일">
      <UniqueIdentifier>{67DA6AB6-F800-4c08-8B7A-83BB121AAD01}</UniqueIdentifier>
      <Extensions>rc;ico;cur;bmp;dlg;rc2;rct;bin;rgs;gif;jpg;jpeg;jpe;resx;tiff;tif;png;wav</Extensions>
    </Filter>
  </ItemGroup>
  <ItemGroup>
    <ClCompile Include="AboutDlg.cpp">
      <Filter>소스 파일</Filter>
    </ClCompile>
    <ClCompile Include="JsAutoUpdater.cpp">
      <Filter>소스 파일</Filter>
    </ClCompile>
    <ClCompile Include="MyAtomicLong.c">
      <Filter>소스 파일</Filter>
    </ClCompile>
    <ClCompile Include="SacleBitmap.cpp">
      <Filter>소스 파일</Filter>
    </ClCompile>
    <ClCompile Include="stdafx.cpp">
      <Filter>소스 파일</Filter>
    </ClCompile>
    <ClCompile Include="UpdaterDlg.cpp">
      <Filter>소스 파일</Filter>
    </ClCompile>
    <ClCompile Include="UpdaterSettings.cpp">
      <Filter>소스 파일</Filter>
    </ClCompile>
    <ClCompile Include="Utils.cpp">
      <Filter>소스 파일</Filter>
    </ClCompile>
    <ClCompile Include="GdipButton.cpp">
      <Filter>소스 파일</Filter>
    </ClCompile>
    <ClCompile Include="HttpClient.cpp">
      <Filter>소스 파일</Filter>
    </ClCompile>
    <ClCompile Include="UTF8Helper.cpp">
      <Filter>소스 파일</Filter>
    </ClCompile>
  </ItemGroup>
  <ItemGroup>
    <ClInclude Include="AboutDlg.h">
      <Filter>헤더 파일</Filter>
    </ClInclude>
    <ClInclude Include="JsAutoUpdater.h">
      <Filter>헤더 파일</Filter>
    </ClInclude>
    <ClInclude Include="JsStdint.h">
      <Filter>헤더 파일</Filter>
    </ClInclude>
    <ClInclude Include="MyAtomicLong.h">
      <Filter>헤더 파일</Filter>
    </ClInclude>
    <ClInclude Include="Resource.h">
      <Filter>헤더 파일</Filter>
    </ClInclude>
    <ClInclude Include="ScaleBitmap.h">
      <Filter>헤더 파일</Filter>
    </ClInclude>
    <ClInclude Include="stdafx.h">
      <Filter>헤더 파일</Filter>
    </ClInclude>
    <ClInclude Include="targetver.h">
      <Filter>헤더 파일</Filter>
    </ClInclude>
    <ClInclude Include="UpdaterDlg.h">
      <Filter>헤더 파일</Filter>
    </ClInclude>
    <ClInclude Include="Utils.h">
      <Filter>헤더 파일</Filter>
    </ClInclude>
    <ClInclude Include="CGdiPlusBitmap.h">
      <Filter>헤더 파일</Filter>
    </ClInclude>
    <ClInclude Include="GdipButton.h">
      <Filter>헤더 파일</Filter>
    </ClInclude>
    <ClInclude Include="MemDC.h">
      <Filter>헤더 파일</Filter>
    </ClInclude>
    <ClInclude Include="HttpClient.h">
      <Filter>헤더 파일</Filter>
    </ClInclude>
    <ClInclude Include="UTF8Helper.h">
      <Filter>헤더 파일</Filter>
    </ClInclude>
  </ItemGroup>
  <ItemGroup>
    <Image Include="res\JsAutoUpdater.ico">
      <Filter>리소스 파일</Filter>
    </Image>
    <Image Include="res\button-run.png">
      <Filter>리소스 파일</Filter>
    </Image>
    <Image Include="res\background.png">
      <Filter>리소스 파일</Filter>
    </Image>
    <Image Include="res\logos\image_1.png">
      <Filter>리소스 파일</Filter>
    </Image>
    <Image Include="res\logos\image_2.png">
      <Filter>리소스 파일</Filter>
    </Image>
    <Image Include="res\logos\image_3.png">
      <Filter>리소스 파일</Filter>
    </Image>
    <Image Include="res\logos\image_4.png">
      <Filter>리소스 파일</Filter>
    </Image>
    <Image Include="res\logos\image_5.png">
      <Filter>리소스 파일</Filter>
    </Image>
    <Image Include="res\logos\image_6.png">
      <Filter>리소스 파일</Filter>
    </Image>
    <Image Include="res\wassub.ico">
      <Filter>리소스 파일</Filter>
    </Image>
    <Image Include="res\logos\image_7.png">
      <Filter>리소스 파일</Filter>
    </Image>
    <Image Include="res\logos\image_8.png">
      <Filter>리소스 파일</Filter>
    </Image>
    <Image Include="res\logos\image_9.png">
      <Filter>리소스 파일</Filter>
    </Image>
    <Image Include="res\logos\image_10.png">
      <Filter>리소스 파일</Filter>
    </Image>
    <Image Include="res\logos\image_11.png">
      <Filter>리소스 파일</Filter>
    </Image>
    <Image Include="res\logos\image_12.png">
      <Filter>리소스 파일</Filter>
    </Image>
    <Image Include="res\logos\image_13.png">
      <Filter>리소스 파일</Filter>
    </Image>
    <Image Include="res\logos\image_14.png">
      <Filter>리소스 파일</Filter>
    </Image>
    <Image Include="res\logos\image_15.png">
      <Filter>리소스 파일</Filter>
    </Image>
    <Image Include="res\logos\image_16.png">
      <Filter>리소스 파일</Filter>
    </Image>
    <Image Include="res\merged_icon.ico">
      <Filter>리소스 파일</Filter>
    </Image>
  </ItemGroup>
  <ItemGroup>
    <ResourceCompile Include="JsAutoUpdater.rc">
      <Filter>리소스 파일</Filter>
    </ResourceCompile>
  </ItemGroup>
  <ItemGroup>
    <None Include="res\JsAutoUpdater.rc2">
      <Filter>리소스 파일</Filter>
    </None>
  </ItemGroup>
  <ItemGroup>
    <Text Include="ReadMe.txt" />
  </ItemGroup>
</Project>